
Microsoft Visual Studio Solution File, Format Version 12.00
# Visual Studio 15
VisualStudioVersion = 15.0.28307.645
MinimumVisualStudioVersion = 10.0.40219.1
Project("{9A19103F-16F7-4668-BE54-9A1E7A4F7556}") = "DomainModel", "Solution Funza\Solution\DomainModel\DomainModel.csproj", "{60D74565-5AD0-45C8-94B7-04ECAFF0D90F}"
EndProject
Project("{2150E333-8FDC-42A3-9474-1A3956D46DE8}") = "Solution", "Solution", "{0B9B8F06-1B4B-4A3D-B30B-C890656BDE2B}"
EndProject
Project("{2150E333-8FDC-42A3-9474-1A3956D46DE8}") = "Framework", "Framework", "{993D31D5-38FF-43A4-B965-99E6FC7BAE6F}"
EndProject
Project("{9A19103F-16F7-4668-BE54-9A1E7A4F7556}") = "WebApi", "Solution Funza\Solution\WebApi\WebApi.csproj", "{6A990F9C-3F92-4B9B-ACCD-802C34CC5FB4}"
EndProject
Project("{9A19103F-16F7-4668-BE54-9A1E7A4F7556}") = "Framework.Core", "Framework\Framework.Core\Framework.Core.csproj", "{4136428C-D138-49E9-8487-28F65A519DFD}"
EndProject
Project("{9A19103F-16F7-4668-BE54-9A1E7A4F7556}") = "Framework.Autofac", "Framework\Framework.Autofac\Framework.Autofac.csproj", "{77870DA0-A6DC-4ECA-A70A-5D63F556E2A7}"
EndProject
Project("{9A19103F-16F7-4668-BE54-9A1E7A4F7556}") = "Framework.Commons.Standard", "Framework\Framework.Commons.Standard\Framework.Commons.Standard.csproj", "{B1BA96A7-2F1C-4213-BA3F-26CF670E50AE}"
EndProject
Project("{9A19103F-16F7-4668-BE54-9A1E7A4F7556}") = "Framework.FluentValidation", "Framework\Framework.FluentValidation\Framework.FluentValidation.csproj", "{5CA9AB50-8CAE-4BE3-9263-1507B2E1D512}"
EndProject
Project("{9A19103F-16F7-4668-BE54-9A1E7A4F7556}") = "Framework.Logging", "Framework\Framework.Logging\Framework.Logging.csproj", "{9382A8F3-1BE1-442A-847C-3B272F32B441}"
EndProject
Project("{9A19103F-16F7-4668-BE54-9A1E7A4F7556}") = "Framework.SignalR", "Framework\Framework.SignalR\Framework.SignalR.csproj", "{DB7154F5-3712-45AE-82D7-B6ED6F6DBB23}"
EndProject
Project("{9A19103F-16F7-4668-BE54-9A1E7A4F7556}") = "Framework.Web", "Framework\Framework.Web\Framework.Web.csproj", "{9B2DA07E-3DA1-431E-A0B6-D8E56ADD7727}"
EndProject
Project("{9A19103F-16F7-4668-BE54-9A1E7A4F7556}") = "DatabaseRepositories", "Solution Funza\Solution\DatabaseRepositories\DatabaseRepositories.csproj", "{856169AA-B153-48E1-8A2D-3349A68BC8CC}"
EndProject
Project("{9A19103F-16F7-4668-BE54-9A1E7A4F7556}") = "FunzaDirectClients", "Solution Funza\Solution\FunzaDirectClients\FunzaDirectClients.csproj", "{E43C175D-768C-4280-A18F-3BC991F6AF70}"
EndProject
Project("{9A19103F-16F7-4668-BE54-9A1E7A4F7556}") = "FunzaInternalClients", "Solution\FunzaInternalClients\FunzaInternalClients.csproj", "{D31228B6-599D-4A0C-9209-C0BC175D6FB9}"
EndProject
Project("{9A19103F-16F7-4668-BE54-9A1E7A4F7556}") = "DomainDatabaseMapping", "Solution Funza\Solution\DomainDatabaseMapping\DomainDatabaseMapping.csproj", "{318E1E9C-0637-424A-9A1B-5A95823974D9}"
EndProject
Project("{9A19103F-16F7-4668-BE54-9A1E7A4F7556}") = "Framework.EF", "Framework\Framework.EF\Framework.EF.csproj", "{FA2310B9-275E-42BB-9157-B22D27ABB41C}"
EndProject
Project("{9A19103F-16F7-4668-BE54-9A1E7A4F7556}") = "FunzaCommons", "Solution Funza\Solution\FunzaCommons\FunzaCommons.csproj", "{AB60E2A0-A29F-4FBD-83F0-ADDCA5890817}"
EndProject
Project("{9A19103F-16F7-4668-BE54-9A1E7A4F7556}") = "Framework.FileStorage.AspNetCore", "Framework\Framework.FileStorage.AspNetCore\Framework.FileStorage.AspNetCore.csproj", "{AB874A41-1063-4EEC-8689-56E3AD975FA4}"
EndProject
Project("{9A19103F-16F7-4668-BE54-9A1E7A4F7556}") = "FunzaAuthentication", "Solution Funza\Solution\FunzaAuthentication\FunzaAuthentication.csproj", "{2EC10905-3057-4D45-8D6F-932A2D9B5763}"
EndProject
Project("{9A19103F-16F7-4668-BE54-9A1E7A4F7556}") = "Framework.Refit", "Framework\Framework.Refit\Framework.Refit.csproj", "{493955A5-C1BB-4F67-843F-83DF1C8CA86A}"
EndProject
Project("{9A19103F-16F7-4668-BE54-9A1E7A4F7556}") = "FunzaApplicationLogic", "Solution Funza\Solution\FunzaApplicationLogic\FunzaApplicationLogic.csproj", "{893DF3D8-7148-49AC-A2F4-1385DF2C5BA9}"
EndProject
Global
	GlobalSection(SolutionConfigurationPlatforms) = preSolution
		Debug|Any CPU = Debug|Any CPU
		QA|Any CPU = QA|Any CPU
		Release|Any CPU = Release|Any CPU
	EndGlobalSection
	GlobalSection(ProjectConfigurationPlatforms) = postSolution
		{60D74565-5AD0-45C8-94B7-04ECAFF0D90F}.Debug|Any CPU.ActiveCfg = Debug|Any CPU
		{60D74565-5AD0-45C8-94B7-04ECAFF0D90F}.Debug|Any CPU.Build.0 = Debug|Any CPU
		{60D74565-5AD0-45C8-94B7-04ECAFF0D90F}.QA|Any CPU.ActiveCfg = QA|Any CPU
		{60D74565-5AD0-45C8-94B7-04ECAFF0D90F}.QA|Any CPU.Build.0 = QA|Any CPU
		{60D74565-5AD0-45C8-94B7-04ECAFF0D90F}.Release|Any CPU.ActiveCfg = Release|Any CPU
		{60D74565-5AD0-45C8-94B7-04ECAFF0D90F}.Release|Any CPU.Build.0 = Release|Any CPU
		{6A990F9C-3F92-4B9B-ACCD-802C34CC5FB4}.Debug|Any CPU.ActiveCfg = Debug|Any CPU
		{6A990F9C-3F92-4B9B-ACCD-802C34CC5FB4}.Debug|Any CPU.Build.0 = Debug|Any CPU
		{6A990F9C-3F92-4B9B-ACCD-802C34CC5FB4}.QA|Any CPU.ActiveCfg = QA|Any CPU
		{6A990F9C-3F92-4B9B-ACCD-802C34CC5FB4}.QA|Any CPU.Build.0 = QA|Any CPU
		{6A990F9C-3F92-4B9B-ACCD-802C34CC5FB4}.Release|Any CPU.ActiveCfg = Release|Any CPU
		{6A990F9C-3F92-4B9B-ACCD-802C34CC5FB4}.Release|Any CPU.Build.0 = Release|Any CPU
		{4136428C-D138-49E9-8487-28F65A519DFD}.Debug|Any CPU.ActiveCfg = Debug|Any CPU
		{4136428C-D138-49E9-8487-28F65A519DFD}.Debug|Any CPU.Build.0 = Debug|Any CPU
		{4136428C-D138-49E9-8487-28F65A519DFD}.QA|Any CPU.ActiveCfg = QA|Any CPU
		{4136428C-D138-49E9-8487-28F65A519DFD}.QA|Any CPU.Build.0 = QA|Any CPU
		{4136428C-D138-49E9-8487-28F65A519DFD}.Release|Any CPU.ActiveCfg = Release|Any CPU
		{4136428C-D138-49E9-8487-28F65A519DFD}.Release|Any CPU.Build.0 = Release|Any CPU
		{77870DA0-A6DC-4ECA-A70A-5D63F556E2A7}.Debug|Any CPU.ActiveCfg = Debug|Any CPU
		{77870DA0-A6DC-4ECA-A70A-5D63F556E2A7}.Debug|Any CPU.Build.0 = Debug|Any CPU
		{77870DA0-A6DC-4ECA-A70A-5D63F556E2A7}.QA|Any CPU.ActiveCfg = QA|Any CPU
		{77870DA0-A6DC-4ECA-A70A-5D63F556E2A7}.QA|Any CPU.Build.0 = QA|Any CPU
		{77870DA0-A6DC-4ECA-A70A-5D63F556E2A7}.Release|Any CPU.ActiveCfg = Release|Any CPU
		{77870DA0-A6DC-4ECA-A70A-5D63F556E2A7}.Release|Any CPU.Build.0 = Release|Any CPU
		{B1BA96A7-2F1C-4213-BA3F-26CF670E50AE}.Debug|Any CPU.ActiveCfg = Debug|Any CPU
		{B1BA96A7-2F1C-4213-BA3F-26CF670E50AE}.Debug|Any CPU.Build.0 = Debug|Any CPU
		{B1BA96A7-2F1C-4213-BA3F-26CF670E50AE}.QA|Any CPU.ActiveCfg = QA|Any CPU
		{B1BA96A7-2F1C-4213-BA3F-26CF670E50AE}.QA|Any CPU.Build.0 = QA|Any CPU
		{B1BA96A7-2F1C-4213-BA3F-26CF670E50AE}.Release|Any CPU.ActiveCfg = Release|Any CPU
		{B1BA96A7-2F1C-4213-BA3F-26CF670E50AE}.Release|Any CPU.Build.0 = Release|Any CPU
		{5CA9AB50-8CAE-4BE3-9263-1507B2E1D512}.Debug|Any CPU.ActiveCfg = Debug|Any CPU
		{5CA9AB50-8CAE-4BE3-9263-1507B2E1D512}.Debug|Any CPU.Build.0 = Debug|Any CPU
		{5CA9AB50-8CAE-4BE3-9263-1507B2E1D512}.QA|Any CPU.ActiveCfg = QA|Any CPU
		{5CA9AB50-8CAE-4BE3-9263-1507B2E1D512}.QA|Any CPU.Build.0 = QA|Any CPU
		{5CA9AB50-8CAE-4BE3-9263-1507B2E1D512}.Release|Any CPU.ActiveCfg = Release|Any CPU
		{5CA9AB50-8CAE-4BE3-9263-1507B2E1D512}.Release|Any CPU.Build.0 = Release|Any CPU
		{9382A8F3-1BE1-442A-847C-3B272F32B441}.Debug|Any CPU.ActiveCfg = Debug|Any CPU
		{9382A8F3-1BE1-442A-847C-3B272F32B441}.Debug|Any CPU.Build.0 = Debug|Any CPU
		{9382A8F3-1BE1-442A-847C-3B272F32B441}.QA|Any CPU.ActiveCfg = QA|Any CPU
		{9382A8F3-1BE1-442A-847C-3B272F32B441}.QA|Any CPU.Build.0 = QA|Any CPU
		{9382A8F3-1BE1-442A-847C-3B272F32B441}.Release|Any CPU.ActiveCfg = Release|Any CPU
		{9382A8F3-1BE1-442A-847C-3B272F32B441}.Release|Any CPU.Build.0 = Release|Any CPU
		{DB7154F5-3712-45AE-82D7-B6ED6F6DBB23}.Debug|Any CPU.ActiveCfg = Debug|Any CPU
		{DB7154F5-3712-45AE-82D7-B6ED6F6DBB23}.Debug|Any CPU.Build.0 = Debug|Any CPU
		{DB7154F5-3712-45AE-82D7-B6ED6F6DBB23}.QA|Any CPU.ActiveCfg = QA|Any CPU
		{DB7154F5-3712-45AE-82D7-B6ED6F6DBB23}.QA|Any CPU.Build.0 = QA|Any CPU
		{DB7154F5-3712-45AE-82D7-B6ED6F6DBB23}.Release|Any CPU.ActiveCfg = Release|Any CPU
		{DB7154F5-3712-45AE-82D7-B6ED6F6DBB23}.Release|Any CPU.Build.0 = Release|Any CPU
		{9B2DA07E-3DA1-431E-A0B6-D8E56ADD7727}.Debug|Any CPU.ActiveCfg = Debug|Any CPU
		{9B2DA07E-3DA1-431E-A0B6-D8E56ADD7727}.Debug|Any CPU.Build.0 = Debug|Any CPU
		{9B2DA07E-3DA1-431E-A0B6-D8E56ADD7727}.QA|Any CPU.ActiveCfg = QA|Any CPU
		{9B2DA07E-3DA1-431E-A0B6-D8E56ADD7727}.QA|Any CPU.Build.0 = QA|Any CPU
		{9B2DA07E-3DA1-431E-A0B6-D8E56ADD7727}.Release|Any CPU.ActiveCfg = Release|Any CPU
		{9B2DA07E-3DA1-431E-A0B6-D8E56ADD7727}.Release|Any CPU.Build.0 = Release|Any CPU
		{856169AA-B153-48E1-8A2D-3349A68BC8CC}.Debug|Any CPU.ActiveCfg = Debug|Any CPU
		{856169AA-B153-48E1-8A2D-3349A68BC8CC}.Debug|Any CPU.Build.0 = Debug|Any CPU
		{856169AA-B153-48E1-8A2D-3349A68BC8CC}.QA|Any CPU.ActiveCfg = QA|Any CPU
		{856169AA-B153-48E1-8A2D-3349A68BC8CC}.QA|Any CPU.Build.0 = QA|Any CPU
		{856169AA-B153-48E1-8A2D-3349A68BC8CC}.Release|Any CPU.ActiveCfg = Release|Any CPU
		{856169AA-B153-48E1-8A2D-3349A68BC8CC}.Release|Any CPU.Build.0 = Release|Any CPU
		{E43C175D-768C-4280-A18F-3BC991F6AF70}.Debug|Any CPU.ActiveCfg = Debug|Any CPU
		{E43C175D-768C-4280-A18F-3BC991F6AF70}.Debug|Any CPU.Build.0 = Debug|Any CPU
		{E43C175D-768C-4280-A18F-3BC991F6AF70}.QA|Any CPU.ActiveCfg = QA|Any CPU
		{E43C175D-768C-4280-A18F-3BC991F6AF70}.QA|Any CPU.Build.0 = QA|Any CPU
		{E43C175D-768C-4280-A18F-3BC991F6AF70}.Release|Any CPU.ActiveCfg = Release|Any CPU
		{E43C175D-768C-4280-A18F-3BC991F6AF70}.Release|Any CPU.Build.0 = Release|Any CPU
		{D31228B6-599D-4A0C-9209-C0BC175D6FB9}.Debug|Any CPU.ActiveCfg = Debug|Any CPU
		{D31228B6-599D-4A0C-9209-C0BC175D6FB9}.Debug|Any CPU.Build.0 = Debug|Any CPU
		{D31228B6-599D-4A0C-9209-C0BC175D6FB9}.QA|Any CPU.ActiveCfg = QA|Any CPU
		{D31228B6-599D-4A0C-9209-C0BC175D6FB9}.QA|Any CPU.Build.0 = QA|Any CPU
		{D31228B6-599D-4A0C-9209-C0BC175D6FB9}.Release|Any CPU.ActiveCfg = Release|Any CPU
		{D31228B6-599D-4A0C-9209-C0BC175D6FB9}.Release|Any CPU.Build.0 = Release|Any CPU
		{318E1E9C-0637-424A-9A1B-5A95823974D9}.Debug|Any CPU.ActiveCfg = Debug|Any CPU
		{318E1E9C-0637-424A-9A1B-5A95823974D9}.Debug|Any CPU.Build.0 = Debug|Any CPU
		{318E1E9C-0637-424A-9A1B-5A95823974D9}.QA|Any CPU.ActiveCfg = QA|Any CPU
		{318E1E9C-0637-424A-9A1B-5A95823974D9}.QA|Any CPU.Build.0 = QA|Any CPU
		{318E1E9C-0637-424A-9A1B-5A95823974D9}.Release|Any CPU.ActiveCfg = Release|Any CPU
		{318E1E9C-0637-424A-9A1B-5A95823974D9}.Release|Any CPU.Build.0 = Release|Any CPU
		{FA2310B9-275E-42BB-9157-B22D27ABB41C}.Debug|Any CPU.ActiveCfg = Debug|Any CPU
		{FA2310B9-275E-42BB-9157-B22D27ABB41C}.Debug|Any CPU.Build.0 = Debug|Any CPU
		{FA2310B9-275E-42BB-9157-B22D27ABB41C}.QA|Any CPU.ActiveCfg = QA|Any CPU
		{FA2310B9-275E-42BB-9157-B22D27ABB41C}.QA|Any CPU.Build.0 = QA|Any CPU
		{FA2310B9-275E-42BB-9157-B22D27ABB41C}.Release|Any CPU.ActiveCfg = Release|Any CPU
		{FA2310B9-275E-42BB-9157-B22D27ABB41C}.Release|Any CPU.Build.0 = Release|Any CPU
		{AB60E2A0-A29F-4FBD-83F0-ADDCA5890817}.Debug|Any CPU.ActiveCfg = Debug|Any CPU
		{AB60E2A0-A29F-4FBD-83F0-ADDCA5890817}.Debug|Any CPU.Build.0 = Debug|Any CPU
		{AB60E2A0-A29F-4FBD-83F0-ADDCA5890817}.QA|Any CPU.ActiveCfg = QA|Any CPU
		{AB60E2A0-A29F-4FBD-83F0-ADDCA5890817}.QA|Any CPU.Build.0 = QA|Any CPU
		{AB60E2A0-A29F-4FBD-83F0-ADDCA5890817}.Release|Any CPU.ActiveCfg = Release|Any CPU
		{AB60E2A0-A29F-4FBD-83F0-ADDCA5890817}.Release|Any CPU.Build.0 = Release|Any CPU
		{AB874A41-1063-4EEC-8689-56E3AD975FA4}.Debug|Any CPU.ActiveCfg = Debug|Any CPU
		{AB874A41-1063-4EEC-8689-56E3AD975FA4}.Debug|Any CPU.Build.0 = Debug|Any CPU
		{AB874A41-1063-4EEC-8689-56E3AD975FA4}.QA|Any CPU.ActiveCfg = QA|Any CPU
		{AB874A41-1063-4EEC-8689-56E3AD975FA4}.QA|Any CPU.Build.0 = QA|Any CPU
		{AB874A41-1063-4EEC-8689-56E3AD975FA4}.Release|Any CPU.ActiveCfg = Release|Any CPU
		{AB874A41-1063-4EEC-8689-56E3AD975FA4}.Release|Any CPU.Build.0 = Release|Any CPU
		{2EC10905-3057-4D45-8D6F-932A2D9B5763}.Debug|Any CPU.ActiveCfg = Debug|Any CPU
		{2EC10905-3057-4D45-8D6F-932A2D9B5763}.Debug|Any CPU.Build.0 = Debug|Any CPU
		{2EC10905-3057-4D45-8D6F-932A2D9B5763}.QA|Any CPU.ActiveCfg = QA|Any CPU
		{2EC10905-3057-4D45-8D6F-932A2D9B5763}.QA|Any CPU.Build.0 = QA|Any CPU
		{2EC10905-3057-4D45-8D6F-932A2D9B5763}.Release|Any CPU.ActiveCfg = Release|Any CPU
		{2EC10905-3057-4D45-8D6F-932A2D9B5763}.Release|Any CPU.Build.0 = Release|Any CPU
		{493955A5-C1BB-4F67-843F-83DF1C8CA86A}.Debug|Any CPU.ActiveCfg = Debug|Any CPU
		{493955A5-C1BB-4F67-843F-83DF1C8CA86A}.Debug|Any CPU.Build.0 = Debug|Any CPU
		{493955A5-C1BB-4F67-843F-83DF1C8CA86A}.QA|Any CPU.ActiveCfg = Debug|Any CPU
		{493955A5-C1BB-4F67-843F-83DF1C8CA86A}.QA|Any CPU.Build.0 = Debug|Any CPU
		{493955A5-C1BB-4F67-843F-83DF1C8CA86A}.Release|Any CPU.ActiveCfg = Release|Any CPU
		{493955A5-C1BB-4F67-843F-83DF1C8CA86A}.Release|Any CPU.Build.0 = Release|Any CPU
		{893DF3D8-7148-49AC-A2F4-1385DF2C5BA9}.Debug|Any CPU.ActiveCfg = Debug|Any CPU
		{893DF3D8-7148-49AC-A2F4-1385DF2C5BA9}.Debug|Any CPU.Build.0 = Debug|Any CPU
		{893DF3D8-7148-49AC-A2F4-1385DF2C5BA9}.QA|Any CPU.ActiveCfg = Debug|Any CPU
		{893DF3D8-7148-49AC-A2F4-1385DF2C5BA9}.QA|Any CPU.Build.0 = Debug|Any CPU
		{893DF3D8-7148-49AC-A2F4-1385DF2C5BA9}.Release|Any CPU.ActiveCfg = Release|Any CPU
		{893DF3D8-7148-49AC-A2F4-1385DF2C5BA9}.Release|Any CPU.Build.0 = Release|Any CPU
	EndGlobalSection
	GlobalSection(SolutionProperties) = preSolution
		HideSolutionNode = FALSE
	EndGlobalSection
	GlobalSection(NestedProjects) = preSolution
		{60D74565-5AD0-45C8-94B7-04ECAFF0D90F} = {0B9B8F06-1B4B-4A3D-B30B-C890656BDE2B}
		{6A990F9C-3F92-4B9B-ACCD-802C34CC5FB4} = {0B9B8F06-1B4B-4A3D-B30B-C890656BDE2B}
		{4136428C-D138-49E9-8487-28F65A519DFD} = {993D31D5-38FF-43A4-B965-99E6FC7BAE6F}
		{77870DA0-A6DC-4ECA-A70A-5D63F556E2A7} = {993D31D5-38FF-43A4-B965-99E6FC7BAE6F}
		{B1BA96A7-2F1C-4213-BA3F-26CF670E50AE} = {993D31D5-38FF-43A4-B965-99E6FC7BAE6F}
		{5CA9AB50-8CAE-4BE3-9263-1507B2E1D512} = {993D31D5-38FF-43A4-B965-99E6FC7BAE6F}
		{9382A8F3-1BE1-442A-847C-3B272F32B441} = {993D31D5-38FF-43A4-B965-99E6FC7BAE6F}
		{DB7154F5-3712-45AE-82D7-B6ED6F6DBB23} = {993D31D5-38FF-43A4-B965-99E6FC7BAE6F}
		{9B2DA07E-3DA1-431E-A0B6-D8E56ADD7727} = {993D31D5-38FF-43A4-B965-99E6FC7BAE6F}
		{856169AA-B153-48E1-8A2D-3349A68BC8CC} = {0B9B8F06-1B4B-4A3D-B30B-C890656BDE2B}
		{E43C175D-768C-4280-A18F-3BC991F6AF70} = {0B9B8F06-1B4B-4A3D-B30B-C890656BDE2B}
		{D31228B6-599D-4A0C-9209-C0BC175D6FB9} = {0B9B8F06-1B4B-4A3D-B30B-C890656BDE2B}
		{318E1E9C-0637-424A-9A1B-5A95823974D9} = {0B9B8F06-1B4B-4A3D-B30B-C890656BDE2B}
		{FA2310B9-275E-42BB-9157-B22D27ABB41C} = {993D31D5-38FF-43A4-B965-99E6FC7BAE6F}
		{AB60E2A0-A29F-4FBD-83F0-ADDCA5890817} = {0B9B8F06-1B4B-4A3D-B30B-C890656BDE2B}
		{AB874A41-1063-4EEC-8689-56E3AD975FA4} = {993D31D5-38FF-43A4-B965-99E6FC7BAE6F}
		{2EC10905-3057-4D45-8D6F-932A2D9B5763} = {0B9B8F06-1B4B-4A3D-B30B-C890656BDE2B}
		{493955A5-C1BB-4F67-843F-83DF1C8CA86A} = {993D31D5-38FF-43A4-B965-99E6FC7BAE6F}
		{893DF3D8-7148-49AC-A2F4-1385DF2C5BA9} = {0B9B8F06-1B4B-4A3D-B30B-C890656BDE2B}
	EndGlobalSection
	GlobalSection(ExtensibilityGlobals) = postSolution
		SolutionGuid = {F2BCE576-0948-4727-9565-F4B76B08B1F1}
	EndGlobalSection
EndGlobal
