
Microsoft Visual Studio Solution File, Format Version 12.00
# Visual Studio 15
VisualStudioVersion = 15.0.27703.2042
MinimumVisualStudioVersion = 10.0.40219.1
Project("{2150E333-8FDC-42A3-9474-1A3956D46DE8}") = "Framework", "Framework", "{EDA86202-E80B-479B-8BF4-802D70465402}"
EndProject
Project("{9A19103F-16F7-4668-BE54-9A1E7A4F7556}") = "Framework.EF", "Framework\Framework.EF\Framework.EF.csproj", "{96BE14CD-BDCA-4159-9318-0C6ECD99995B}"
EndProject
Project("{9A19103F-16F7-4668-BE54-9A1E7A4F7556}") = "Framework.Autofac", "Framework\Framework.Autofac\Framework.Autofac.csproj", "{7B3AB8C4-970F-4612-B16B-43FC5E228407}"
EndProject
Project("{9A19103F-16F7-4668-BE54-9A1E7A4F7556}") = "Framework.Commons.Standard", "Framework\Framework.Commons.Standard\Framework.Commons.Standard.csproj", "{5152BAE6-7442-4CFA-B4E9-89234F632AE6}"
EndProject
Project("{9A19103F-16F7-4668-BE54-9A1E7A4F7556}") = "Framework.Web", "Framework\Framework.Web\Framework.Web.csproj", "{ACC4D221-9423-473E-BEB8-ED1C118EC59B}"
EndProject
Project("{2150E333-8FDC-42A3-9474-1A3956D46DE8}") = "Solution", "Solution", "{7D9D0FDB-0466-4E42-8ADF-AB2CD1FE125F}"
EndProject
Project("{9A19103F-16F7-4668-BE54-9A1E7A4F7556}") = "ApplicationLogic", "ApplicationLogic\ApplicationLogic.csproj", "{C60815D1-D713-4DFC-88E3-D570385AC841}"
EndProject
Project("{9A19103F-16F7-4668-BE54-9A1E7A4F7556}") = "DomainModel", "DomainModel\DomainModel.csproj", "{DFD91255-C445-45A9-B49A-AAFA3C00F23B}"
EndProject
Project("{9A19103F-16F7-4668-BE54-9A1E7A4F7556}") = "WebApi", "WebApi\WebApi.csproj", "{7A17E7F1-7530-4C4E-A430-0FDBDB38E41E}"
EndProject
Project("{9A19103F-16F7-4668-BE54-9A1E7A4F7556}") = "CommunicationModel", "CommunicationModel\CommunicationModel.csproj", "{4BF48481-6190-4B14-8109-25FEADAED897}"
EndProject
Project("{9A19103F-16F7-4668-BE54-9A1E7A4F7556}") = "Framework.FileStorage.AspNetCore", "Framework\Framework.FileStorage.AspNetCore\Framework.FileStorage.AspNetCore.csproj", "{6E799D11-3CB4-44D1-AF9B-8D72CA3D99BE}"
EndProject
Project("{9A19103F-16F7-4668-BE54-9A1E7A4F7556}") = "DatabaseRepositories", "DatabaseRepositories\DatabaseRepositories.csproj", "{BA6CFDD5-2463-46DC-A4D1-5CAADF4473B5}"
EndProject
Project("{9A19103F-16F7-4668-BE54-9A1E7A4F7556}") = "DomainDatabaseMapping", "DatabaseMapping\DomainDatabaseMapping\DomainDatabaseMapping.csproj", "{B12BE9F9-7B3C-41F2-A197-0E529DAD0A31}"
EndProject
Project("{9A19103F-16F7-4668-BE54-9A1E7A4F7556}") = "Framework.SignalR", "Framework\Framework.SignalR\Framework.SignalR.csproj", "{D74ED1BA-8489-4BFC-8D88-E88D35FD21DB}"
EndProject
Project("{9A19103F-16F7-4668-BE54-9A1E7A4F7556}") = "Framework.Logging", "Framework\Framework.Logging\Framework.Logging.csproj", "{FD910B4C-6AD9-4A96-988D-719DFFC35519}"
EndProject
Project("{9A19103F-16F7-4668-BE54-9A1E7A4F7556}") = "Framework.Quartz", "Framework\Framework.Quartz\Framework.Quartz.csproj", "{5B8BA5F8-612E-47A7-9526-80F5A6204FC0}"
EndProject
Project("{9A19103F-16F7-4668-BE54-9A1E7A4F7556}") = "Framework.Core", "Framework\Framework.Core\Framework.Core.csproj", "{9ED2E799-2B46-4426-90F9-96D4E405E74E}"
EndProject
Project("{9A19103F-16F7-4668-BE54-9A1E7A4F7556}") = "Framework.FluentValidation", "Framework\Framework.FluentValidation\Framework.FluentValidation.csproj", "{4066C295-56F0-4DB8-95EB-857C0935DFB1}"
EndProject
Project("{9A19103F-16F7-4668-BE54-9A1E7A4F7556}") = "FunzaRepositories", "FunzaRepositories\FunzaRepositories.csproj", "{9AC2CF42-D652-42CA-BEBC-AA4BE5B81891}"
EndProject
Global
	GlobalSection(SolutionConfigurationPlatforms) = preSolution
		Debug|Any CPU = Debug|Any CPU
		QA|Any CPU = QA|Any CPU
		Release|Any CPU = Release|Any CPU
	EndGlobalSection
	GlobalSection(ProjectConfigurationPlatforms) = postSolution
		{96BE14CD-BDCA-4159-9318-0C6ECD99995B}.Debug|Any CPU.ActiveCfg = Debug|Any CPU
		{96BE14CD-BDCA-4159-9318-0C6ECD99995B}.Debug|Any CPU.Build.0 = Debug|Any CPU
		{96BE14CD-BDCA-4159-9318-0C6ECD99995B}.QA|Any CPU.ActiveCfg = QA|Any CPU
		{96BE14CD-BDCA-4159-9318-0C6ECD99995B}.QA|Any CPU.Build.0 = QA|Any CPU
		{96BE14CD-BDCA-4159-9318-0C6ECD99995B}.Release|Any CPU.ActiveCfg = Release|Any CPU
		{96BE14CD-BDCA-4159-9318-0C6ECD99995B}.Release|Any CPU.Build.0 = Release|Any CPU
		{7B3AB8C4-970F-4612-B16B-43FC5E228407}.Debug|Any CPU.ActiveCfg = Debug|Any CPU
		{7B3AB8C4-970F-4612-B16B-43FC5E228407}.Debug|Any CPU.Build.0 = Debug|Any CPU
		{7B3AB8C4-970F-4612-B16B-43FC5E228407}.QA|Any CPU.ActiveCfg = QA|Any CPU
		{7B3AB8C4-970F-4612-B16B-43FC5E228407}.QA|Any CPU.Build.0 = QA|Any CPU
		{7B3AB8C4-970F-4612-B16B-43FC5E228407}.Release|Any CPU.ActiveCfg = Release|Any CPU
		{7B3AB8C4-970F-4612-B16B-43FC5E228407}.Release|Any CPU.Build.0 = Release|Any CPU
		{5152BAE6-7442-4CFA-B4E9-89234F632AE6}.Debug|Any CPU.ActiveCfg = Debug|Any CPU
		{5152BAE6-7442-4CFA-B4E9-89234F632AE6}.Debug|Any CPU.Build.0 = Debug|Any CPU
		{5152BAE6-7442-4CFA-B4E9-89234F632AE6}.QA|Any CPU.ActiveCfg = QA|Any CPU
		{5152BAE6-7442-4CFA-B4E9-89234F632AE6}.QA|Any CPU.Build.0 = QA|Any CPU
		{5152BAE6-7442-4CFA-B4E9-89234F632AE6}.Release|Any CPU.ActiveCfg = Release|Any CPU
		{5152BAE6-7442-4CFA-B4E9-89234F632AE6}.Release|Any CPU.Build.0 = Release|Any CPU
		{ACC4D221-9423-473E-BEB8-ED1C118EC59B}.Debug|Any CPU.ActiveCfg = Debug|Any CPU
		{ACC4D221-9423-473E-BEB8-ED1C118EC59B}.Debug|Any CPU.Build.0 = Debug|Any CPU
		{ACC4D221-9423-473E-BEB8-ED1C118EC59B}.QA|Any CPU.ActiveCfg = QA|Any CPU
		{ACC4D221-9423-473E-BEB8-ED1C118EC59B}.QA|Any CPU.Build.0 = QA|Any CPU
		{ACC4D221-9423-473E-BEB8-ED1C118EC59B}.Release|Any CPU.ActiveCfg = Release|Any CPU
		{ACC4D221-9423-473E-BEB8-ED1C118EC59B}.Release|Any CPU.Build.0 = Release|Any CPU
		{C60815D1-D713-4DFC-88E3-D570385AC841}.Debug|Any CPU.ActiveCfg = Debug|Any CPU
		{C60815D1-D713-4DFC-88E3-D570385AC841}.Debug|Any CPU.Build.0 = Debug|Any CPU
		{C60815D1-D713-4DFC-88E3-D570385AC841}.QA|Any CPU.ActiveCfg = QA|Any CPU
		{C60815D1-D713-4DFC-88E3-D570385AC841}.QA|Any CPU.Build.0 = QA|Any CPU
		{C60815D1-D713-4DFC-88E3-D570385AC841}.Release|Any CPU.ActiveCfg = Release|Any CPU
		{C60815D1-D713-4DFC-88E3-D570385AC841}.Release|Any CPU.Build.0 = Release|Any CPU
		{DFD91255-C445-45A9-B49A-AAFA3C00F23B}.Debug|Any CPU.ActiveCfg = Debug|Any CPU
		{DFD91255-C445-45A9-B49A-AAFA3C00F23B}.Debug|Any CPU.Build.0 = Debug|Any CPU
		{DFD91255-C445-45A9-B49A-AAFA3C00F23B}.QA|Any CPU.ActiveCfg = QA|Any CPU
		{DFD91255-C445-45A9-B49A-AAFA3C00F23B}.QA|Any CPU.Build.0 = QA|Any CPU
		{DFD91255-C445-45A9-B49A-AAFA3C00F23B}.Release|Any CPU.ActiveCfg = Release|Any CPU
		{DFD91255-C445-45A9-B49A-AAFA3C00F23B}.Release|Any CPU.Build.0 = Release|Any CPU
		{7A17E7F1-7530-4C4E-A430-0FDBDB38E41E}.Debug|Any CPU.ActiveCfg = Debug|Any CPU
		{7A17E7F1-7530-4C4E-A430-0FDBDB38E41E}.Debug|Any CPU.Build.0 = Debug|Any CPU
		{7A17E7F1-7530-4C4E-A430-0FDBDB38E41E}.QA|Any CPU.ActiveCfg = QA|Any CPU
		{7A17E7F1-7530-4C4E-A430-0FDBDB38E41E}.QA|Any CPU.Build.0 = QA|Any CPU
		{7A17E7F1-7530-4C4E-A430-0FDBDB38E41E}.Release|Any CPU.ActiveCfg = Release|Any CPU
		{7A17E7F1-7530-4C4E-A430-0FDBDB38E41E}.Release|Any CPU.Build.0 = Release|Any CPU
		{4BF48481-6190-4B14-8109-25FEADAED897}.Debug|Any CPU.ActiveCfg = Debug|Any CPU
		{4BF48481-6190-4B14-8109-25FEADAED897}.Debug|Any CPU.Build.0 = Debug|Any CPU
		{4BF48481-6190-4B14-8109-25FEADAED897}.QA|Any CPU.ActiveCfg = QA|Any CPU
		{4BF48481-6190-4B14-8109-25FEADAED897}.QA|Any CPU.Build.0 = QA|Any CPU
		{4BF48481-6190-4B14-8109-25FEADAED897}.Release|Any CPU.ActiveCfg = Release|Any CPU
		{4BF48481-6190-4B14-8109-25FEADAED897}.Release|Any CPU.Build.0 = Release|Any CPU
		{6E799D11-3CB4-44D1-AF9B-8D72CA3D99BE}.Debug|Any CPU.ActiveCfg = Debug|Any CPU
		{6E799D11-3CB4-44D1-AF9B-8D72CA3D99BE}.Debug|Any CPU.Build.0 = Debug|Any CPU
		{6E799D11-3CB4-44D1-AF9B-8D72CA3D99BE}.QA|Any CPU.ActiveCfg = QA|Any CPU
		{6E799D11-3CB4-44D1-AF9B-8D72CA3D99BE}.QA|Any CPU.Build.0 = QA|Any CPU
		{6E799D11-3CB4-44D1-AF9B-8D72CA3D99BE}.Release|Any CPU.ActiveCfg = Release|Any CPU
		{6E799D11-3CB4-44D1-AF9B-8D72CA3D99BE}.Release|Any CPU.Build.0 = Release|Any CPU
		{BA6CFDD5-2463-46DC-A4D1-5CAADF4473B5}.Debug|Any CPU.ActiveCfg = Debug|Any CPU
		{BA6CFDD5-2463-46DC-A4D1-5CAADF4473B5}.Debug|Any CPU.Build.0 = Debug|Any CPU
		{BA6CFDD5-2463-46DC-A4D1-5CAADF4473B5}.QA|Any CPU.ActiveCfg = QA|Any CPU
		{BA6CFDD5-2463-46DC-A4D1-5CAADF4473B5}.QA|Any CPU.Build.0 = QA|Any CPU
		{BA6CFDD5-2463-46DC-A4D1-5CAADF4473B5}.Release|Any CPU.ActiveCfg = Release|Any CPU
		{BA6CFDD5-2463-46DC-A4D1-5CAADF4473B5}.Release|Any CPU.Build.0 = Release|Any CPU
		{B12BE9F9-7B3C-41F2-A197-0E529DAD0A31}.Debug|Any CPU.ActiveCfg = Debug|Any CPU
		{B12BE9F9-7B3C-41F2-A197-0E529DAD0A31}.Debug|Any CPU.Build.0 = Debug|Any CPU
		{B12BE9F9-7B3C-41F2-A197-0E529DAD0A31}.QA|Any CPU.ActiveCfg = QA|Any CPU
		{B12BE9F9-7B3C-41F2-A197-0E529DAD0A31}.QA|Any CPU.Build.0 = QA|Any CPU
		{B12BE9F9-7B3C-41F2-A197-0E529DAD0A31}.Release|Any CPU.ActiveCfg = Release|Any CPU
		{B12BE9F9-7B3C-41F2-A197-0E529DAD0A31}.Release|Any CPU.Build.0 = Release|Any CPU
		{D74ED1BA-8489-4BFC-8D88-E88D35FD21DB}.Debug|Any CPU.ActiveCfg = Debug|Any CPU
		{D74ED1BA-8489-4BFC-8D88-E88D35FD21DB}.Debug|Any CPU.Build.0 = Debug|Any CPU
		{D74ED1BA-8489-4BFC-8D88-E88D35FD21DB}.QA|Any CPU.ActiveCfg = QA|Any CPU
		{D74ED1BA-8489-4BFC-8D88-E88D35FD21DB}.QA|Any CPU.Build.0 = QA|Any CPU
		{D74ED1BA-8489-4BFC-8D88-E88D35FD21DB}.Release|Any CPU.ActiveCfg = Release|Any CPU
		{D74ED1BA-8489-4BFC-8D88-E88D35FD21DB}.Release|Any CPU.Build.0 = Release|Any CPU
		{FD910B4C-6AD9-4A96-988D-719DFFC35519}.Debug|Any CPU.ActiveCfg = Debug|Any CPU
		{FD910B4C-6AD9-4A96-988D-719DFFC35519}.Debug|Any CPU.Build.0 = Debug|Any CPU
		{FD910B4C-6AD9-4A96-988D-719DFFC35519}.QA|Any CPU.ActiveCfg = QA|Any CPU
		{FD910B4C-6AD9-4A96-988D-719DFFC35519}.QA|Any CPU.Build.0 = QA|Any CPU
		{FD910B4C-6AD9-4A96-988D-719DFFC35519}.Release|Any CPU.ActiveCfg = Release|Any CPU
		{FD910B4C-6AD9-4A96-988D-719DFFC35519}.Release|Any CPU.Build.0 = Release|Any CPU
		{5B8BA5F8-612E-47A7-9526-80F5A6204FC0}.Debug|Any CPU.ActiveCfg = Debug|Any CPU
		{5B8BA5F8-612E-47A7-9526-80F5A6204FC0}.Debug|Any CPU.Build.0 = Debug|Any CPU
		{5B8BA5F8-612E-47A7-9526-80F5A6204FC0}.QA|Any CPU.ActiveCfg = QA|Any CPU
		{5B8BA5F8-612E-47A7-9526-80F5A6204FC0}.QA|Any CPU.Build.0 = QA|Any CPU
		{5B8BA5F8-612E-47A7-9526-80F5A6204FC0}.Release|Any CPU.ActiveCfg = Release|Any CPU
		{5B8BA5F8-612E-47A7-9526-80F5A6204FC0}.Release|Any CPU.Build.0 = Release|Any CPU
		{9ED2E799-2B46-4426-90F9-96D4E405E74E}.Debug|Any CPU.ActiveCfg = Debug|Any CPU
		{9ED2E799-2B46-4426-90F9-96D4E405E74E}.Debug|Any CPU.Build.0 = Debug|Any CPU
		{9ED2E799-2B46-4426-90F9-96D4E405E74E}.QA|Any CPU.ActiveCfg = QA|Any CPU
		{9ED2E799-2B46-4426-90F9-96D4E405E74E}.QA|Any CPU.Build.0 = QA|Any CPU
		{9ED2E799-2B46-4426-90F9-96D4E405E74E}.Release|Any CPU.ActiveCfg = Release|Any CPU
		{9ED2E799-2B46-4426-90F9-96D4E405E74E}.Release|Any CPU.Build.0 = Release|Any CPU
		{4066C295-56F0-4DB8-95EB-857C0935DFB1}.Debug|Any CPU.ActiveCfg = Debug|Any CPU
		{4066C295-56F0-4DB8-95EB-857C0935DFB1}.Debug|Any CPU.Build.0 = Debug|Any CPU
		{4066C295-56F0-4DB8-95EB-857C0935DFB1}.QA|Any CPU.ActiveCfg = QA|Any CPU
		{4066C295-56F0-4DB8-95EB-857C0935DFB1}.QA|Any CPU.Build.0 = QA|Any CPU
		{4066C295-56F0-4DB8-95EB-857C0935DFB1}.Release|Any CPU.ActiveCfg = Release|Any CPU
		{4066C295-56F0-4DB8-95EB-857C0935DFB1}.Release|Any CPU.Build.0 = Release|Any CPU
		{9AC2CF42-D652-42CA-BEBC-AA4BE5B81891}.Debug|Any CPU.ActiveCfg = Debug|Any CPU
		{9AC2CF42-D652-42CA-BEBC-AA4BE5B81891}.Debug|Any CPU.Build.0 = Debug|Any CPU
		{9AC2CF42-D652-42CA-BEBC-AA4BE5B81891}.QA|Any CPU.ActiveCfg = Debug|Any CPU
		{9AC2CF42-D652-42CA-BEBC-AA4BE5B81891}.QA|Any CPU.Build.0 = Debug|Any CPU
		{9AC2CF42-D652-42CA-BEBC-AA4BE5B81891}.Release|Any CPU.ActiveCfg = Release|Any CPU
		{9AC2CF42-D652-42CA-BEBC-AA4BE5B81891}.Release|Any CPU.Build.0 = Release|Any CPU
	EndGlobalSection
	GlobalSection(SolutionProperties) = preSolution
		HideSolutionNode = FALSE
	EndGlobalSection
	GlobalSection(NestedProjects) = preSolution
		{96BE14CD-BDCA-4159-9318-0C6ECD99995B} = {EDA86202-E80B-479B-8BF4-802D70465402}
		{7B3AB8C4-970F-4612-B16B-43FC5E228407} = {EDA86202-E80B-479B-8BF4-802D70465402}
		{5152BAE6-7442-4CFA-B4E9-89234F632AE6} = {EDA86202-E80B-479B-8BF4-802D70465402}
		{ACC4D221-9423-473E-BEB8-ED1C118EC59B} = {EDA86202-E80B-479B-8BF4-802D70465402}
		{C60815D1-D713-4DFC-88E3-D570385AC841} = {7D9D0FDB-0466-4E42-8ADF-AB2CD1FE125F}
		{DFD91255-C445-45A9-B49A-AAFA3C00F23B} = {7D9D0FDB-0466-4E42-8ADF-AB2CD1FE125F}
		{7A17E7F1-7530-4C4E-A430-0FDBDB38E41E} = {7D9D0FDB-0466-4E42-8ADF-AB2CD1FE125F}
		{4BF48481-6190-4B14-8109-25FEADAED897} = {7D9D0FDB-0466-4E42-8ADF-AB2CD1FE125F}
		{6E799D11-3CB4-44D1-AF9B-8D72CA3D99BE} = {EDA86202-E80B-479B-8BF4-802D70465402}
		{BA6CFDD5-2463-46DC-A4D1-5CAADF4473B5} = {7D9D0FDB-0466-4E42-8ADF-AB2CD1FE125F}
		{B12BE9F9-7B3C-41F2-A197-0E529DAD0A31} = {7D9D0FDB-0466-4E42-8ADF-AB2CD1FE125F}
		{D74ED1BA-8489-4BFC-8D88-E88D35FD21DB} = {EDA86202-E80B-479B-8BF4-802D70465402}
		{FD910B4C-6AD9-4A96-988D-719DFFC35519} = {EDA86202-E80B-479B-8BF4-802D70465402}
		{5B8BA5F8-612E-47A7-9526-80F5A6204FC0} = {EDA86202-E80B-479B-8BF4-802D70465402}
		{9ED2E799-2B46-4426-90F9-96D4E405E74E} = {EDA86202-E80B-479B-8BF4-802D70465402}
		{4066C295-56F0-4DB8-95EB-857C0935DFB1} = {EDA86202-E80B-479B-8BF4-802D70465402}
		{9AC2CF42-D652-42CA-BEBC-AA4BE5B81891} = {7D9D0FDB-0466-4E42-8ADF-AB2CD1FE125F}
	EndGlobalSection
	GlobalSection(ExtensibilityGlobals) = postSolution
		SolutionGuid = {9ABAE05F-1BFA-4416-9700-689ED630B228}
	EndGlobalSection
EndGlobal
