
Microsoft Visual Studio Solution File, Format Version 12.00
# Visual Studio 15
VisualStudioVersion = 15.0.27703.2042
MinimumVisualStudioVersion = 10.0.40219.1
Project("{2150E333-8FDC-42A3-9474-1A3956D46DE8}") = "Framework", "Framework", "{EDA86202-E80B-479B-8BF4-802D70465402}"
EndProject
Project("{9A19103F-16F7-4668-BE54-9A1E7A4F7556}") = "Framework.Core", "Framework\Framework.Core\Framework.Core.csproj", "{F8AD881B-E2E3-4887-B583-076BEC532803}"
EndProject
Project("{9A19103F-16F7-4668-BE54-9A1E7A4F7556}") = "Framework.EF", "Framework\Framework.EF\Framework.EF.csproj", "{96BE14CD-BDCA-4159-9318-0C6ECD99995B}"
EndProject
Project("{9A19103F-16F7-4668-BE54-9A1E7A4F7556}") = "Framework.Autofac", "Framework\Framework.Autofac\Framework.Autofac.csproj", "{7B3AB8C4-970F-4612-B16B-43FC5E228407}"
EndProject
Project("{9A19103F-16F7-4668-BE54-9A1E7A4F7556}") = "Framework.Commons.Standard", "Framework\Framework.Commons.Standard\Framework.Commons.Standard.csproj", "{5152BAE6-7442-4CFA-B4E9-89234F632AE6}"
EndProject
Project("{9A19103F-16F7-4668-BE54-9A1E7A4F7556}") = "Framework.Web", "Framework\Framework.Web\Framework.Web.csproj", "{ACC4D221-9423-473E-BEB8-ED1C118EC59B}"
EndProject
Project("{2150E333-8FDC-42A3-9474-1A3956D46DE8}") = "Solution", "Solution", "{7D9D0FDB-0466-4E42-8ADF-AB2CD1FE125F}"
EndProject
Project("{9A19103F-16F7-4668-BE54-9A1E7A4F7556}") = "ApplicationLogic", "ApplicationLogic\ApplicationLogic.csproj", "{C60815D1-D713-4DFC-88E3-D570385AC841}"
EndProject
Project("{9A19103F-16F7-4668-BE54-9A1E7A4F7556}") = "DomainModel", "DomainModel\DomainModel.csproj", "{DFD91255-C445-45A9-B49A-AAFA3C00F23B}"
EndProject
Project("{9A19103F-16F7-4668-BE54-9A1E7A4F7556}") = "WebApi", "WebApi\WebApi.csproj", "{7A17E7F1-7530-4C4E-A430-0FDBDB38E41E}"
EndProject
Project("{9A19103F-16F7-4668-BE54-9A1E7A4F7556}") = "WebFrontPage", "WebFrontPage\WebFrontPage.csproj", "{20C326A2-CAD5-4E12-AA5D-AD07F3158BFC}"
EndProject
Project("{9A19103F-16F7-4668-BE54-9A1E7A4F7556}") = "CommunicationModel", "CommunicationModel\CommunicationModel.csproj", "{4BF48481-6190-4B14-8109-25FEADAED897}"
EndProject
Project("{9A19103F-16F7-4668-BE54-9A1E7A4F7556}") = "Framework.FileStorage.Standard", "Framework\Framework.FileStorage.Standard\Framework.FileStorage.Standard.csproj", "{CB8E06D2-0508-4477-92AB-18FB319E1258}"
EndProject
Project("{9A19103F-16F7-4668-BE54-9A1E7A4F7556}") = "Framework.FileStorage.AspNetCore", "Framework\Framework.FileStorage.AspNetCore\Framework.FileStorage.AspNetCore.csproj", "{6E799D11-3CB4-44D1-AF9B-8D72CA3D99BE}"
EndProject
Project("{9A19103F-16F7-4668-BE54-9A1E7A4F7556}") = "DatabaseRepositories", "DatabaseRepositories\DatabaseRepositories.csproj", "{BA6CFDD5-2463-46DC-A4D1-5CAADF4473B5}"
EndProject
Project("{9A19103F-16F7-4668-BE54-9A1E7A4F7556}") = "DomainDatabaseMapping", "DatabaseMapping\DomainDatabaseMapping\DomainDatabaseMapping.csproj", "{B12BE9F9-7B3C-41F2-A197-0E529DAD0A31}"
EndProject
Global
	GlobalSection(SolutionConfigurationPlatforms) = preSolution
		Debug|Any CPU = Debug|Any CPU
		Release|Any CPU = Release|Any CPU
	EndGlobalSection
	GlobalSection(ProjectConfigurationPlatforms) = postSolution
		{F8AD881B-E2E3-4887-B583-076BEC532803}.Debug|Any CPU.ActiveCfg = Debug|Any CPU
		{F8AD881B-E2E3-4887-B583-076BEC532803}.Debug|Any CPU.Build.0 = Debug|Any CPU
		{F8AD881B-E2E3-4887-B583-076BEC532803}.Release|Any CPU.ActiveCfg = Release|Any CPU
		{F8AD881B-E2E3-4887-B583-076BEC532803}.Release|Any CPU.Build.0 = Release|Any CPU
		{96BE14CD-BDCA-4159-9318-0C6ECD99995B}.Debug|Any CPU.ActiveCfg = Debug|Any CPU
		{96BE14CD-BDCA-4159-9318-0C6ECD99995B}.Debug|Any CPU.Build.0 = Debug|Any CPU
		{96BE14CD-BDCA-4159-9318-0C6ECD99995B}.Release|Any CPU.ActiveCfg = Release|Any CPU
		{96BE14CD-BDCA-4159-9318-0C6ECD99995B}.Release|Any CPU.Build.0 = Release|Any CPU
		{7B3AB8C4-970F-4612-B16B-43FC5E228407}.Debug|Any CPU.ActiveCfg = Debug|Any CPU
		{7B3AB8C4-970F-4612-B16B-43FC5E228407}.Debug|Any CPU.Build.0 = Debug|Any CPU
		{7B3AB8C4-970F-4612-B16B-43FC5E228407}.Release|Any CPU.ActiveCfg = Release|Any CPU
		{7B3AB8C4-970F-4612-B16B-43FC5E228407}.Release|Any CPU.Build.0 = Release|Any CPU
		{5152BAE6-7442-4CFA-B4E9-89234F632AE6}.Debug|Any CPU.ActiveCfg = Debug|Any CPU
		{5152BAE6-7442-4CFA-B4E9-89234F632AE6}.Debug|Any CPU.Build.0 = Debug|Any CPU
		{5152BAE6-7442-4CFA-B4E9-89234F632AE6}.Release|Any CPU.ActiveCfg = Release|Any CPU
		{5152BAE6-7442-4CFA-B4E9-89234F632AE6}.Release|Any CPU.Build.0 = Release|Any CPU
		{ACC4D221-9423-473E-BEB8-ED1C118EC59B}.Debug|Any CPU.ActiveCfg = Debug|Any CPU
		{ACC4D221-9423-473E-BEB8-ED1C118EC59B}.Debug|Any CPU.Build.0 = Debug|Any CPU
		{ACC4D221-9423-473E-BEB8-ED1C118EC59B}.Release|Any CPU.ActiveCfg = Release|Any CPU
		{ACC4D221-9423-473E-BEB8-ED1C118EC59B}.Release|Any CPU.Build.0 = Release|Any CPU
		{C60815D1-D713-4DFC-88E3-D570385AC841}.Debug|Any CPU.ActiveCfg = Debug|Any CPU
		{C60815D1-D713-4DFC-88E3-D570385AC841}.Debug|Any CPU.Build.0 = Debug|Any CPU
		{C60815D1-D713-4DFC-88E3-D570385AC841}.Release|Any CPU.ActiveCfg = Release|Any CPU
		{C60815D1-D713-4DFC-88E3-D570385AC841}.Release|Any CPU.Build.0 = Release|Any CPU
		{DFD91255-C445-45A9-B49A-AAFA3C00F23B}.Debug|Any CPU.ActiveCfg = Debug|Any CPU
		{DFD91255-C445-45A9-B49A-AAFA3C00F23B}.Debug|Any CPU.Build.0 = Debug|Any CPU
		{DFD91255-C445-45A9-B49A-AAFA3C00F23B}.Release|Any CPU.ActiveCfg = Release|Any CPU
		{DFD91255-C445-45A9-B49A-AAFA3C00F23B}.Release|Any CPU.Build.0 = Release|Any CPU
		{7A17E7F1-7530-4C4E-A430-0FDBDB38E41E}.Debug|Any CPU.ActiveCfg = Debug|Any CPU
		{7A17E7F1-7530-4C4E-A430-0FDBDB38E41E}.Debug|Any CPU.Build.0 = Debug|Any CPU
		{7A17E7F1-7530-4C4E-A430-0FDBDB38E41E}.Release|Any CPU.ActiveCfg = Release|Any CPU
		{7A17E7F1-7530-4C4E-A430-0FDBDB38E41E}.Release|Any CPU.Build.0 = Release|Any CPU
		{20C326A2-CAD5-4E12-AA5D-AD07F3158BFC}.Debug|Any CPU.ActiveCfg = Debug|Any CPU
		{20C326A2-CAD5-4E12-AA5D-AD07F3158BFC}.Debug|Any CPU.Build.0 = Debug|Any CPU
		{20C326A2-CAD5-4E12-AA5D-AD07F3158BFC}.Release|Any CPU.ActiveCfg = Release|Any CPU
		{20C326A2-CAD5-4E12-AA5D-AD07F3158BFC}.Release|Any CPU.Build.0 = Release|Any CPU
		{4BF48481-6190-4B14-8109-25FEADAED897}.Debug|Any CPU.ActiveCfg = Debug|Any CPU
		{4BF48481-6190-4B14-8109-25FEADAED897}.Debug|Any CPU.Build.0 = Debug|Any CPU
		{4BF48481-6190-4B14-8109-25FEADAED897}.Release|Any CPU.ActiveCfg = Release|Any CPU
		{4BF48481-6190-4B14-8109-25FEADAED897}.Release|Any CPU.Build.0 = Release|Any CPU
		{CB8E06D2-0508-4477-92AB-18FB319E1258}.Debug|Any CPU.ActiveCfg = Debug|Any CPU
		{CB8E06D2-0508-4477-92AB-18FB319E1258}.Debug|Any CPU.Build.0 = Debug|Any CPU
		{CB8E06D2-0508-4477-92AB-18FB319E1258}.Release|Any CPU.ActiveCfg = Release|Any CPU
		{CB8E06D2-0508-4477-92AB-18FB319E1258}.Release|Any CPU.Build.0 = Release|Any CPU
		{6E799D11-3CB4-44D1-AF9B-8D72CA3D99BE}.Debug|Any CPU.ActiveCfg = Debug|Any CPU
		{6E799D11-3CB4-44D1-AF9B-8D72CA3D99BE}.Debug|Any CPU.Build.0 = Debug|Any CPU
		{6E799D11-3CB4-44D1-AF9B-8D72CA3D99BE}.Release|Any CPU.ActiveCfg = Release|Any CPU
		{6E799D11-3CB4-44D1-AF9B-8D72CA3D99BE}.Release|Any CPU.Build.0 = Release|Any CPU
		{BA6CFDD5-2463-46DC-A4D1-5CAADF4473B5}.Debug|Any CPU.ActiveCfg = Debug|Any CPU
		{BA6CFDD5-2463-46DC-A4D1-5CAADF4473B5}.Debug|Any CPU.Build.0 = Debug|Any CPU
		{BA6CFDD5-2463-46DC-A4D1-5CAADF4473B5}.Release|Any CPU.ActiveCfg = Release|Any CPU
		{BA6CFDD5-2463-46DC-A4D1-5CAADF4473B5}.Release|Any CPU.Build.0 = Release|Any CPU
		{B12BE9F9-7B3C-41F2-A197-0E529DAD0A31}.Debug|Any CPU.ActiveCfg = Debug|Any CPU
		{B12BE9F9-7B3C-41F2-A197-0E529DAD0A31}.Debug|Any CPU.Build.0 = Debug|Any CPU
		{B12BE9F9-7B3C-41F2-A197-0E529DAD0A31}.Release|Any CPU.ActiveCfg = Release|Any CPU
		{B12BE9F9-7B3C-41F2-A197-0E529DAD0A31}.Release|Any CPU.Build.0 = Release|Any CPU
	EndGlobalSection
	GlobalSection(SolutionProperties) = preSolution
		HideSolutionNode = FALSE
	EndGlobalSection
	GlobalSection(NestedProjects) = preSolution
		{F8AD881B-E2E3-4887-B583-076BEC532803} = {EDA86202-E80B-479B-8BF4-802D70465402}
		{96BE14CD-BDCA-4159-9318-0C6ECD99995B} = {EDA86202-E80B-479B-8BF4-802D70465402}
		{7B3AB8C4-970F-4612-B16B-43FC5E228407} = {EDA86202-E80B-479B-8BF4-802D70465402}
		{5152BAE6-7442-4CFA-B4E9-89234F632AE6} = {EDA86202-E80B-479B-8BF4-802D70465402}
		{ACC4D221-9423-473E-BEB8-ED1C118EC59B} = {EDA86202-E80B-479B-8BF4-802D70465402}
		{C60815D1-D713-4DFC-88E3-D570385AC841} = {7D9D0FDB-0466-4E42-8ADF-AB2CD1FE125F}
		{DFD91255-C445-45A9-B49A-AAFA3C00F23B} = {7D9D0FDB-0466-4E42-8ADF-AB2CD1FE125F}
		{7A17E7F1-7530-4C4E-A430-0FDBDB38E41E} = {7D9D0FDB-0466-4E42-8ADF-AB2CD1FE125F}
		{20C326A2-CAD5-4E12-AA5D-AD07F3158BFC} = {7D9D0FDB-0466-4E42-8ADF-AB2CD1FE125F}
		{4BF48481-6190-4B14-8109-25FEADAED897} = {7D9D0FDB-0466-4E42-8ADF-AB2CD1FE125F}
		{CB8E06D2-0508-4477-92AB-18FB319E1258} = {EDA86202-E80B-479B-8BF4-802D70465402}
		{6E799D11-3CB4-44D1-AF9B-8D72CA3D99BE} = {EDA86202-E80B-479B-8BF4-802D70465402}
		{BA6CFDD5-2463-46DC-A4D1-5CAADF4473B5} = {7D9D0FDB-0466-4E42-8ADF-AB2CD1FE125F}
		{B12BE9F9-7B3C-41F2-A197-0E529DAD0A31} = {7D9D0FDB-0466-4E42-8ADF-AB2CD1FE125F}
	EndGlobalSection
	GlobalSection(ExtensibilityGlobals) = postSolution
		SolutionGuid = {9ABAE05F-1BFA-4416-9700-689ED630B228}
	EndGlobalSection
EndGlobal
